
Microsoft Visual Studio Solution File, Format Version 12.00
# Visual Studio Version 17
VisualStudioVersion = 17.14.36327.8 d17.14
MinimumVisualStudioVersion = 10.0.40219.1
Project("{FAE04EC0-301F-11D3-BF4B-00C04F79EFBC}") = "WpfMvvmProjects", "WpfMvvmProjects.csproj", "{B1E90A10-CE7D-4B60-9047-6CE98833CE81}"
EndProject
Global
	GlobalSection(SolutionConfigurationPlatforms) = preSolution
		Debug|Any CPU = Debug|Any CPU
		Release|Any CPU = Release|Any CPU
	EndGlobalSection
	GlobalSection(ProjectConfigurationPlatforms) = postSolution
		{B1E90A10-CE7D-4B60-9047-6CE98833CE81}.Debug|Any CPU.ActiveCfg = Debug|Any CPU
		{B1E90A10-CE7D-4B60-9047-6CE98833CE81}.Debug|Any CPU.Build.0 = Debug|Any CPU
		{B1E90A10-CE7D-4B60-9047-6CE98833CE81}.Release|Any CPU.ActiveCfg = Release|Any CPU
		{B1E90A10-CE7D-4B60-9047-6CE98833CE81}.Release|Any CPU.Build.0 = Release|Any CPU
	EndGlobalSection
	GlobalSection(SolutionProperties) = preSolution
		HideSolutionNode = FALSE
	EndGlobalSection
	GlobalSection(ExtensibilityGlobals) = postSolution
		SolutionGuid = {73BBB84F-313F-4605-8DB9-FCE946882843}
	EndGlobalSection
EndGlobal
